
Microsoft Visual Studio Solution File, Format Version 12.00
# Visual Studio Version 17
VisualStudioVersion = 17.14.36623.8 d17.14
MinimumVisualStudioVersion = 10.0.40219.1
Project("{FAE04EC0-301F-11D3-BF4B-00C04F79EFBC}") = "Dispel", "Dispel.csproj", "{69CA6326-C32C-4534-9AD0-540674C3A867}"
EndProject
Project("{FAE04EC0-301F-11D3-BF4B-00C04F79EFBC}") = "DispelDLL", "..\DispelDLL\DispelDLL.csproj", "{51389A3F-BC5D-4A32-81BE-98DEFC924C62}"
EndProject
Global
	GlobalSection(SolutionConfigurationPlatforms) = preSolution
		Debug|Any CPU = Debug|Any CPU
		Release|Any CPU = Release|Any CPU
	EndGlobalSection
	GlobalSection(ProjectConfigurationPlatforms) = postSolution
		{69CA6326-C32C-4534-9AD0-540674C3A867}.Debug|Any CPU.ActiveCfg = Debug|Any CPU
		{69CA6326-C32C-4534-9AD0-540674C3A867}.Debug|Any CPU.Build.0 = Debug|Any CPU
		{69CA6326-C32C-4534-9AD0-540674C3A867}.Release|Any CPU.ActiveCfg = Release|Any CPU
		{69CA6326-C32C-4534-9AD0-540674C3A867}.Release|Any CPU.Build.0 = Release|Any CPU
		{51389A3F-BC5D-4A32-81BE-98DEFC924C62}.Debug|Any CPU.ActiveCfg = Debug|Any CPU
		{51389A3F-BC5D-4A32-81BE-98DEFC924C62}.Debug|Any CPU.Build.0 = Debug|Any CPU
		{51389A3F-BC5D-4A32-81BE-98DEFC924C62}.Release|Any CPU.ActiveCfg = Release|Any CPU
		{51389A3F-BC5D-4A32-81BE-98DEFC924C62}.Release|Any CPU.Build.0 = Release|Any CPU
	EndGlobalSection
	GlobalSection(SolutionProperties) = preSolution
		HideSolutionNode = FALSE
	EndGlobalSection
	GlobalSection(ExtensibilityGlobals) = postSolution
		SolutionGuid = {A0EB1D21-5237-4FCC-BBB3-198810B21F2D}
	EndGlobalSection
EndGlobal
